Microsoft Visual Studio Solution File, Format Version 12.00
# Visual Studio Version 16
VisualStudioVersion = 16.0.28922.388
MinimumVisualStudioVersion = 15.0.26124.0
Project("{9A19103F-16F7-4668-BE54-9A1E7A4F7556}") = "Common", "Common\Common.csproj", "{09779E14-FB58-4B3E-8779-A7231884AB7A}"
EndProject
Project("{9A19103F-16F7-4668-BE54-9A1E7A4F7556}") = "Business", "Business\Business.csproj", "{9B4746FD-08FA-4C91-AD6D-D60006E6D324}"
EndProject
Project("{9A19103F-16F7-4668-BE54-9A1E7A4F7556}") = "IServices", "IService\IServices.csproj", "{8637681E-14CE-442A-9B45-FF047B841BBC}"
EndProject
Project("{9A19103F-16F7-4668-BE54-9A1E7A4F7556}") = "Services", "Service\Services.csproj", "{5D12DBD7-B378-4694-87EC-CE37A8724B19}"
EndProject
Project("{9A19103F-16F7-4668-BE54-9A1E7A4F7556}") = "Bootstrapper", "Bootstrapper\Bootstrapper.csproj", "{2A113058-7392-4934-ABA2-E755287CAA3F}"
EndProject
Project("{9A19103F-16F7-4668-BE54-9A1E7A4F7556}") = "Mapper", "Mapper\Mapper.csproj", "{EC4005FE-C6C0-4CB1-B42F-9A452067FD2F}"
EndProject
Project("{9A19103F-16F7-4668-BE54-9A1E7A4F7556}") = "DataAccess", "DataAccess\DataAccess.csproj", "{E873015F-26DD-4D7D-A7DE-421C90D8A349}"
EndProject
Project("{2150E333-8FDC-42A3-9474-1A3956D46DE8}") = "00-Common", "00-Common", "{D0A30A0A-3DD8-4885-A111-3D1F1B72D0A0}"
EndProject
Project("{2150E333-8FDC-42A3-9474-1A3956D46DE8}") = "01-DataAccess", "01-DataAccess", "{9AB8E09E-A31A-4643-8460-E577822F01AA}"
EndProject
Project("{2150E333-8FDC-42A3-9474-1A3956D46DE8}") = "03-Business", "03-Business", "{98A45894-D4D7-4E9A-945C-B3FE6095A86F}"
EndProject
Project("{2150E333-8FDC-42A3-9474-1A3956D46DE8}") = "02-Integration", "02-Integration", "{03245A57-86D0-4D50-958E-4E45776FE95A}"
EndProject
Project("{2150E333-8FDC-42A3-9474-1A3956D46DE8}") = "04-Api", "04-Api", "{153A45B8-9759-4AC8-9E78-9C2AE3243666}"
EndProject
Project("{9A19103F-16F7-4668-BE54-9A1E7A4F7556}") = "Interception", "Interception\Interception.csproj", "{7B39CC05-962B-43EF-B2EA-2E3E34687340}"
EndProject
Project("{2150E333-8FDC-42A3-9474-1A3956D46DE8}") = "05-Test", "05-Test", "{77E44773-FBE2-48C1-8F9D-B552B36D22F5}"
EndProject
Project("{9A19103F-16F7-4668-BE54-9A1E7A4F7556}") = "DataAccess.Tests", "test\DataAccess.Tests\DataAccess.Tests.csproj", "{6CF2FA8A-88E0-41D5-826D-46A7F2BC8E22}"
EndProject
Project("{9A19103F-16F7-4668-BE54-9A1E7A4F7556}") = "WebApi", "WebApi\WebApi.csproj", "{546401FC-D3DE-4011-BDC6-50DA4940D213}"
EndProject
Project("{2150E333-8FDC-42A3-9474-1A3956D46DE8}") = "Solution Items", "Solution Items", "{7BA190E2-EBF2-4E16-9883-21C3214E18A0}"
	ProjectSection(SolutionItems) = preProject
		myrules.ruleset = myrules.ruleset
		StyleCop.json = StyleCop.json
	EndProjectSection
EndProject
Global
	GlobalSection(SolutionConfigurationPlatforms) = preSolution
		Debug|Any CPU = Debug|Any CPU
		Debug|x64 = Debug|x64
		Debug|x86 = Debug|x86
		Release|Any CPU = Release|Any CPU
		Release|x64 = Release|x64
		Release|x86 = Release|x86
	EndGlobalSection
	GlobalSection(ProjectConfigurationPlatforms) = postSolution
		{09779E14-FB58-4B3E-8779-A7231884AB7A}.Debug|Any CPU.ActiveCfg = Debug|Any CPU
		{09779E14-FB58-4B3E-8779-A7231884AB7A}.Debug|Any CPU.Build.0 = Debug|Any CPU
		{09779E14-FB58-4B3E-8779-A7231884AB7A}.Debug|x64.ActiveCfg = Debug|Any CPU
		{09779E14-FB58-4B3E-8779-A7231884AB7A}.Debug|x64.Build.0 = Debug|Any CPU
		{09779E14-FB58-4B3E-8779-A7231884AB7A}.Debug|x86.ActiveCfg = Debug|Any CPU
		{09779E14-FB58-4B3E-8779-A7231884AB7A}.Debug|x86.Build.0 = Debug|Any CPU
		{09779E14-FB58-4B3E-8779-A7231884AB7A}.Release|Any CPU.ActiveCfg = Release|Any CPU
		{09779E14-FB58-4B3E-8779-A7231884AB7A}.Release|Any CPU.Build.0 = Release|Any CPU
		{09779E14-FB58-4B3E-8779-A7231884AB7A}.Release|x64.ActiveCfg = Release|Any CPU
		{09779E14-FB58-4B3E-8779-A7231884AB7A}.Release|x64.Build.0 = Release|Any CPU
		{09779E14-FB58-4B3E-8779-A7231884AB7A}.Release|x86.ActiveCfg = Release|Any CPU
		{09779E14-FB58-4B3E-8779-A7231884AB7A}.Release|x86.Build.0 = Release|Any CPU
		{9B4746FD-08FA-4C91-AD6D-D60006E6D324}.Debug|Any CPU.ActiveCfg = Debug|Any CPU
		{9B4746FD-08FA-4C91-AD6D-D60006E6D324}.Debug|Any CPU.Build.0 = Debug|Any CPU
		{9B4746FD-08FA-4C91-AD6D-D60006E6D324}.Debug|x64.ActiveCfg = Debug|Any CPU
		{9B4746FD-08FA-4C91-AD6D-D60006E6D324}.Debug|x64.Build.0 = Debug|Any CPU
		{9B4746FD-08FA-4C91-AD6D-D60006E6D324}.Debug|x86.ActiveCfg = Debug|Any CPU
		{9B4746FD-08FA-4C91-AD6D-D60006E6D324}.Debug|x86.Build.0 = Debug|Any CPU
		{9B4746FD-08FA-4C91-AD6D-D60006E6D324}.Release|Any CPU.ActiveCfg = Release|Any CPU
		{9B4746FD-08FA-4C91-AD6D-D60006E6D324}.Release|Any CPU.Build.0 = Release|Any CPU
		{9B4746FD-08FA-4C91-AD6D-D60006E6D324}.Release|x64.ActiveCfg = Release|Any CPU
		{9B4746FD-08FA-4C91-AD6D-D60006E6D324}.Release|x64.Build.0 = Release|Any CPU
		{9B4746FD-08FA-4C91-AD6D-D60006E6D324}.Release|x86.ActiveCfg = Release|Any CPU
		{9B4746FD-08FA-4C91-AD6D-D60006E6D324}.Release|x86.Build.0 = Release|Any CPU
		{8637681E-14CE-442A-9B45-FF047B841BBC}.Debug|Any CPU.ActiveCfg = Debug|Any CPU
		{8637681E-14CE-442A-9B45-FF047B841BBC}.Debug|Any CPU.Build.0 = Debug|Any CPU
		{8637681E-14CE-442A-9B45-FF047B841BBC}.Debug|x64.ActiveCfg = Debug|Any CPU
		{8637681E-14CE-442A-9B45-FF047B841BBC}.Debug|x64.Build.0 = Debug|Any CPU
		{8637681E-14CE-442A-9B45-FF047B841BBC}.Debug|x86.ActiveCfg = Debug|Any CPU
		{8637681E-14CE-442A-9B45-FF047B841BBC}.Debug|x86.Build.0 = Debug|Any CPU
		{8637681E-14CE-442A-9B45-FF047B841BBC}.Release|Any CPU.ActiveCfg = Release|Any CPU
		{8637681E-14CE-442A-9B45-FF047B841BBC}.Release|Any CPU.Build.0 = Release|Any CPU
		{8637681E-14CE-442A-9B45-FF047B841BBC}.Release|x64.ActiveCfg = Release|Any CPU
		{8637681E-14CE-442A-9B45-FF047B841BBC}.Release|x64.Build.0 = Release|Any CPU
		{8637681E-14CE-442A-9B45-FF047B841BBC}.Release|x86.ActiveCfg = Release|Any CPU
		{8637681E-14CE-442A-9B45-FF047B841BBC}.Release|x86.Build.0 = Release|Any CPU
		{5D12DBD7-B378-4694-87EC-CE37A8724B19}.Debug|Any CPU.ActiveCfg = Debug|Any CPU
		{5D12DBD7-B378-4694-87EC-CE37A8724B19}.Debug|Any CPU.Build.0 = Debug|Any CPU
		{5D12DBD7-B378-4694-87EC-CE37A8724B19}.Debug|x64.ActiveCfg = Debug|Any CPU
		{5D12DBD7-B378-4694-87EC-CE37A8724B19}.Debug|x64.Build.0 = Debug|Any CPU
		{5D12DBD7-B378-4694-87EC-CE37A8724B19}.Debug|x86.ActiveCfg = Debug|Any CPU
		{5D12DBD7-B378-4694-87EC-CE37A8724B19}.Debug|x86.Build.0 = Debug|Any CPU
		{5D12DBD7-B378-4694-87EC-CE37A8724B19}.Release|Any CPU.ActiveCfg = Release|Any CPU
		{5D12DBD7-B378-4694-87EC-CE37A8724B19}.Release|Any CPU.Build.0 = Release|Any CPU
		{5D12DBD7-B378-4694-87EC-CE37A8724B19}.Release|x64.ActiveCfg = Release|Any CPU
		{5D12DBD7-B378-4694-87EC-CE37A8724B19}.Release|x64.Build.0 = Release|Any CPU
		{5D12DBD7-B378-4694-87EC-CE37A8724B19}.Release|x86.ActiveCfg = Release|Any CPU
		{5D12DBD7-B378-4694-87EC-CE37A8724B19}.Release|x86.Build.0 = Release|Any CPU
		{2A113058-7392-4934-ABA2-E755287CAA3F}.Debug|Any CPU.ActiveCfg = Debug|Any CPU
		{2A113058-7392-4934-ABA2-E755287CAA3F}.Debug|Any CPU.Build.0 = Debug|Any CPU
		{2A113058-7392-4934-ABA2-E755287CAA3F}.Debug|x64.ActiveCfg = Debug|Any CPU
		{2A113058-7392-4934-ABA2-E755287CAA3F}.Debug|x64.Build.0 = Debug|Any CPU
		{2A113058-7392-4934-ABA2-E755287CAA3F}.Debug|x86.ActiveCfg = Debug|Any CPU
		{2A113058-7392-4934-ABA2-E755287CAA3F}.Debug|x86.Build.0 = Debug|Any CPU
		{2A113058-7392-4934-ABA2-E755287CAA3F}.Release|Any CPU.ActiveCfg = Release|Any CPU
		{2A113058-7392-4934-ABA2-E755287CAA3F}.Release|Any CPU.Build.0 = Release|Any CPU
		{2A113058-7392-4934-ABA2-E755287CAA3F}.Release|x64.ActiveCfg = Release|Any CPU
		{2A113058-7392-4934-ABA2-E755287CAA3F}.Release|x64.Build.0 = Release|Any CPU
		{2A113058-7392-4934-ABA2-E755287CAA3F}.Release|x86.ActiveCfg = Release|Any CPU
		{2A113058-7392-4934-ABA2-E755287CAA3F}.Release|x86.Build.0 = Release|Any CPU
		{EC4005FE-C6C0-4CB1-B42F-9A452067FD2F}.Debug|Any CPU.ActiveCfg = Debug|Any CPU
		{EC4005FE-C6C0-4CB1-B42F-9A452067FD2F}.Debug|Any CPU.Build.0 = Debug|Any CPU
		{EC4005FE-C6C0-4CB1-B42F-9A452067FD2F}.Debug|x64.ActiveCfg = Debug|Any CPU
		{EC4005FE-C6C0-4CB1-B42F-9A452067FD2F}.Debug|x64.Build.0 = Debug|Any CPU
		{EC4005FE-C6C0-4CB1-B42F-9A452067FD2F}.Debug|x86.ActiveCfg = Debug|Any CPU
		{EC4005FE-C6C0-4CB1-B42F-9A452067FD2F}.Debug|x86.Build.0 = Debug|Any CPU
		{EC4005FE-C6C0-4CB1-B42F-9A452067FD2F}.Release|Any CPU.ActiveCfg = Release|Any CPU
		{EC4005FE-C6C0-4CB1-B42F-9A452067FD2F}.Release|Any CPU.Build.0 = Release|Any CPU
		{EC4005FE-C6C0-4CB1-B42F-9A452067FD2F}.Release|x64.ActiveCfg = Release|Any CPU
		{EC4005FE-C6C0-4CB1-B42F-9A452067FD2F}.Release|x64.Build.0 = Release|Any CPU
		{EC4005FE-C6C0-4CB1-B42F-9A452067FD2F}.Release|x86.ActiveCfg = Release|Any CPU
		{EC4005FE-C6C0-4CB1-B42F-9A452067FD2F}.Release|x86.Build.0 = Release|Any CPU
		{E873015F-26DD-4D7D-A7DE-421C90D8A349}.Debug|Any CPU.ActiveCfg = Debug|Any CPU
		{E873015F-26DD-4D7D-A7DE-421C90D8A349}.Debug|Any CPU.Build.0 = Debug|Any CPU
		{E873015F-26DD-4D7D-A7DE-421C90D8A349}.Debug|x64.ActiveCfg = Debug|Any CPU
		{E873015F-26DD-4D7D-A7DE-421C90D8A349}.Debug|x64.Build.0 = Debug|Any CPU
		{E873015F-26DD-4D7D-A7DE-421C90D8A349}.Debug|x86.ActiveCfg = Debug|Any CPU
		{E873015F-26DD-4D7D-A7DE-421C90D8A349}.Debug|x86.Build.0 = Debug|Any CPU
		{E873015F-26DD-4D7D-A7DE-421C90D8A349}.Release|Any CPU.ActiveCfg = Release|Any CPU
		{E873015F-26DD-4D7D-A7DE-421C90D8A349}.Release|Any CPU.Build.0 = Release|Any CPU
		{E873015F-26DD-4D7D-A7DE-421C90D8A349}.Release|x64.ActiveCfg = Release|Any CPU
		{E873015F-26DD-4D7D-A7DE-421C90D8A349}.Release|x64.Build.0 = Release|Any CPU
		{E873015F-26DD-4D7D-A7DE-421C90D8A349}.Release|x86.ActiveCfg = Release|Any CPU
		{E873015F-26DD-4D7D-A7DE-421C90D8A349}.Release|x86.Build.0 = Release|Any CPU
		{7B39CC05-962B-43EF-B2EA-2E3E34687340}.Debug|Any CPU.ActiveCfg = Debug|Any CPU
		{7B39CC05-962B-43EF-B2EA-2E3E34687340}.Debug|Any CPU.Build.0 = Debug|Any CPU
		{7B39CC05-962B-43EF-B2EA-2E3E34687340}.Debug|x64.ActiveCfg = Debug|Any CPU
		{7B39CC05-962B-43EF-B2EA-2E3E34687340}.Debug|x64.Build.0 = Debug|Any CPU
		{7B39CC05-962B-43EF-B2EA-2E3E34687340}.Debug|x86.ActiveCfg = Debug|Any CPU
		{7B39CC05-962B-43EF-B2EA-2E3E34687340}.Debug|x86.Build.0 = Debug|Any CPU
		{7B39CC05-962B-43EF-B2EA-2E3E34687340}.Release|Any CPU.ActiveCfg = Release|Any CPU
		{7B39CC05-962B-43EF-B2EA-2E3E34687340}.Release|Any CPU.Build.0 = Release|Any CPU
		{7B39CC05-962B-43EF-B2EA-2E3E34687340}.Release|x64.ActiveCfg = Release|Any CPU
		{7B39CC05-962B-43EF-B2EA-2E3E34687340}.Release|x64.Build.0 = Release|Any CPU
		{7B39CC05-962B-43EF-B2EA-2E3E34687340}.Release|x86.ActiveCfg = Release|Any CPU
		{7B39CC05-962B-43EF-B2EA-2E3E34687340}.Release|x86.Build.0 = Release|Any CPU
		{6CF2FA8A-88E0-41D5-826D-46A7F2BC8E22}.Debug|Any CPU.ActiveCfg = Debug|Any CPU
		{6CF2FA8A-88E0-41D5-826D-46A7F2BC8E22}.Debug|Any CPU.Build.0 = Debug|Any CPU
		{6CF2FA8A-88E0-41D5-826D-46A7F2BC8E22}.Debug|x64.ActiveCfg = Debug|Any CPU
		{6CF2FA8A-88E0-41D5-826D-46A7F2BC8E22}.Debug|x64.Build.0 = Debug|Any CPU
		{6CF2FA8A-88E0-41D5-826D-46A7F2BC8E22}.Debug|x86.ActiveCfg = Debug|Any CPU
		{6CF2FA8A-88E0-41D5-826D-46A7F2BC8E22}.Debug|x86.Build.0 = Debug|Any CPU
		{6CF2FA8A-88E0-41D5-826D-46A7F2BC8E22}.Release|Any CPU.ActiveCfg = Release|Any CPU
		{6CF2FA8A-88E0-41D5-826D-46A7F2BC8E22}.Release|Any CPU.Build.0 = Release|Any CPU
		{6CF2FA8A-88E0-41D5-826D-46A7F2BC8E22}.Release|x64.ActiveCfg = Release|Any CPU
		{6CF2FA8A-88E0-41D5-826D-46A7F2BC8E22}.Release|x64.Build.0 = Release|Any CPU
		{6CF2FA8A-88E0-41D5-826D-46A7F2BC8E22}.Release|x86.ActiveCfg = Release|Any CPU
		{6CF2FA8A-88E0-41D5-826D-46A7F2BC8E22}.Release|x86.Build.0 = Release|Any CPU
		{546401FC-D3DE-4011-BDC6-50DA4940D213}.Debug|Any CPU.ActiveCfg = Debug|Any CPU
		{546401FC-D3DE-4011-BDC6-50DA4940D213}.Debug|Any CPU.Build.0 = Debug|Any CPU
		{546401FC-D3DE-4011-BDC6-50DA4940D213}.Debug|x64.ActiveCfg = Debug|Any CPU
		{546401FC-D3DE-4011-BDC6-50DA4940D213}.Debug|x64.Build.0 = Debug|Any CPU
		{546401FC-D3DE-4011-BDC6-50DA4940D213}.Debug|x86.ActiveCfg = Debug|Any CPU
		{546401FC-D3DE-4011-BDC6-50DA4940D213}.Debug|x86.Build.0 = Debug|Any CPU
		{546401FC-D3DE-4011-BDC6-50DA4940D213}.Release|Any CPU.ActiveCfg = Release|Any CPU
		{546401FC-D3DE-4011-BDC6-50DA4940D213}.Release|Any CPU.Build.0 = Release|Any CPU
		{546401FC-D3DE-4011-BDC6-50DA4940D213}.Release|x64.ActiveCfg = Release|Any CPU
		{546401FC-D3DE-4011-BDC6-50DA4940D213}.Release|x64.Build.0 = Release|Any CPU
		{546401FC-D3DE-4011-BDC6-50DA4940D213}.Release|x86.ActiveCfg = Release|Any CPU
		{546401FC-D3DE-4011-BDC6-50DA4940D213}.Release|x86.Build.0 = Release|Any CPU
	EndGlobalSection
	GlobalSection(SolutionProperties) = preSolution
		HideSolutionNode = FALSE
	EndGlobalSection
	GlobalSection(NestedProjects) = preSolution
		{09779E14-FB58-4B3E-8779-A7231884AB7A} = {D0A30A0A-3DD8-4885-A111-3D1F1B72D0A0}
		{9B4746FD-08FA-4C91-AD6D-D60006E6D324} = {98A45894-D4D7-4E9A-945C-B3FE6095A86F}
		{8637681E-14CE-442A-9B45-FF047B841BBC} = {98A45894-D4D7-4E9A-945C-B3FE6095A86F}
		{5D12DBD7-B378-4694-87EC-CE37A8724B19} = {98A45894-D4D7-4E9A-945C-B3FE6095A86F}
		{2A113058-7392-4934-ABA2-E755287CAA3F} = {D0A30A0A-3DD8-4885-A111-3D1F1B72D0A0}
		{EC4005FE-C6C0-4CB1-B42F-9A452067FD2F} = {98A45894-D4D7-4E9A-945C-B3FE6095A86F}
		{E873015F-26DD-4D7D-A7DE-421C90D8A349} = {9AB8E09E-A31A-4643-8460-E577822F01AA}
		{7B39CC05-962B-43EF-B2EA-2E3E34687340} = {D0A30A0A-3DD8-4885-A111-3D1F1B72D0A0}
		{6CF2FA8A-88E0-41D5-826D-46A7F2BC8E22} = {77E44773-FBE2-48C1-8F9D-B552B36D22F5}
		{546401FC-D3DE-4011-BDC6-50DA4940D213} = {153A45B8-9759-4AC8-9E78-9C2AE3243666}
	EndGlobalSection
	GlobalSection(ExtensibilityGlobals) = postSolution
		SolutionGuid = {0BC8A961-B3F1-4757-86A2-CE6B91132114}
	EndGlobalSection
EndGlobal
