
Microsoft Visual Studio Solution File, Format Version 12.00
# Visual Studio Version 16
VisualStudioVersion = 16.0.29728.190
MinimumVisualStudioVersion = 10.0.40219.1
Project("{9A19103F-16F7-4668-BE54-9A1E7A4F7556}") = "TeleQuick", "TeleQuick\TeleQuick\TeleQuick.csproj", "{5E6E5CE1-9CBC-4AEB-8972-A17D49533DE1}"
EndProject
Project("{9A19103F-16F7-4668-BE54-9A1E7A4F7556}") = "TeleQuick.WebApi", "TeleQuickApi\TeleQuick.WebApi.csproj", "{2D391D1D-48E5-47DC-BC1A-9065E3BE2E9F}"
EndProject
Project("{9A19103F-16F7-4668-BE54-9A1E7A4F7556}") = "TeleQuick.Core.IAutopista", "TeleQuick.IAutopista\TeleQuick.Core.IAutopista.csproj", "{623E8ECE-2C11-45F8-A5FB-7377C89FBD74}"
EndProject
Project("{2150E333-8FDC-42A3-9474-1A3956D46DE8}") = "Solution Items", "Solution Items", "{EC706DA3-3625-4AD0-BFD2-8401BDFA6FC7}"
	ProjectSection(SolutionItems) = preProject
		TextFile1.txt = TextFile1.txt
	EndProjectSection
EndProject
Project("{9A19103F-16F7-4668-BE54-9A1E7A4F7556}") = "Business", "Business\Business.csproj", "{AF99A0BC-282F-4020-B765-D19690E576CE}"
EndProject
Project("{9A19103F-16F7-4668-BE54-9A1E7A4F7556}") = "Service", "Service\Service.csproj", "{256A6D30-FB62-4FF2-B603-D4F9B1F70753}"
EndProject
Project("{9A19103F-16F7-4668-BE54-9A1E7A4F7556}") = "IService", "IService\IService.csproj", "{370DD48D-3905-4482-9508-15EFD73049D9}"
EndProject
Project("{9A19103F-16F7-4668-BE54-9A1E7A4F7556}") = "IDataAccess", "IDataAccess\IDataAccess.csproj", "{4344E9A4-A13F-493E-ABBE-C29C33C85686}"
EndProject
Project("{9A19103F-16F7-4668-BE54-9A1E7A4F7556}") = "Boostrapper", "Boostrapper\Boostrapper.csproj", "{3B90AB42-2F41-4941-A814-8DFD7EF807DE}"
EndProject
Project("{9A19103F-16F7-4668-BE54-9A1E7A4F7556}") = "DataAcces", "DataAcces\DataAcces.csproj", "{B36BA392-4D83-4572-A8ED-60EB674CE0F0}"
EndProject
Project("{9A19103F-16F7-4668-BE54-9A1E7A4F7556}") = "TeleQuick.Core.Autopista", "TeleQuick.Autopista\TeleQuick.Core.Autopista.csproj", "{F6BFB8B2-28B7-46BF-95CE-BB3EC87DFDD8}"
EndProject
Project("{9A19103F-16F7-4668-BE54-9A1E7A4F7556}") = "TeleQuick.Autopista.Login", "TeleQuick.AutopistaAUSA\TeleQuick.Autopista.Login.csproj", "{14989F4A-D434-43BC-ADFD-F17F17683ED2}"
EndProject
Project("{2150E333-8FDC-42A3-9474-1A3956D46DE8}") = "Negocio", "Negocio", "{E3CB16BE-A26A-4AF4-8701-8DDDC6A55FA3}"
EndProject
Project("{2150E333-8FDC-42A3-9474-1A3956D46DE8}") = "Api", "Api", "{771D2D8F-A70F-4B88-B19E-6A90CCAB3CC3}"
EndProject
Project("{9A19103F-16F7-4668-BE54-9A1E7A4F7556}") = "TeleQuick.Core.Autopista.Model", "TeleQuick.Core.AutopistaModel\TeleQuick.Core.Autopista.Model.csproj", "{9DD29905-C7D7-4433-A171-98C7D4A3A94C}"
EndProject
Project("{9A19103F-16F7-4668-BE54-9A1E7A4F7556}") = "TeleQuick.Core.Autopista.Scrappys", "TeleQuick.Core.Autopista.Scrappys\TeleQuick.Core.Autopista.Scrappys.csproj", "{5A2A7269-5DC8-49ED-BB13-064B3FD794F2}"
EndProject
Project("{00D1A9C2-B5F0-4AF3-8072-F6C62B433612}") = "Database", "Database\Database.sqlproj", "{37CA4D3C-07B6-4D00-AFF5-220B3BC58A6D}"
EndProject
Project("{2150E333-8FDC-42A3-9474-1A3956D46DE8}") = "DataAcces", "DataAcces", "{9A5AE55F-F8FB-4CB1-8FB3-CFFD58C364AF}"
EndProject
Project("{2150E333-8FDC-42A3-9474-1A3956D46DE8}") = "Provider", "Provider", "{646FB521-64D8-4505-9AA3-83D93E51FC37}"
EndProject
Project("{9A19103F-16F7-4668-BE54-9A1E7A4F7556}") = "Provider", "Proveedor\Provider.csproj", "{7CF6127F-29B1-4C2B-AC55-328DE2C80F74}"
EndProject
Project("{9A19103F-16F7-4668-BE54-9A1E7A4F7556}") = "IProvider", "IProvider\IProvider.csproj", "{24A8FDAD-71F3-4181-A018-2C7CE042493D}"
EndProject
Global
	GlobalSection(SolutionConfigurationPlatforms) = preSolution
		Debug|Any CPU = Debug|Any CPU
		Release|Any CPU = Release|Any CPU
	EndGlobalSection
	GlobalSection(ProjectConfigurationPlatforms) = postSolution
		{5E6E5CE1-9CBC-4AEB-8972-A17D49533DE1}.Debug|Any CPU.ActiveCfg = Debug|Any CPU
		{5E6E5CE1-9CBC-4AEB-8972-A17D49533DE1}.Debug|Any CPU.Build.0 = Debug|Any CPU
		{5E6E5CE1-9CBC-4AEB-8972-A17D49533DE1}.Release|Any CPU.ActiveCfg = Release|Any CPU
		{5E6E5CE1-9CBC-4AEB-8972-A17D49533DE1}.Release|Any CPU.Build.0 = Release|Any CPU
		{2D391D1D-48E5-47DC-BC1A-9065E3BE2E9F}.Debug|Any CPU.ActiveCfg = Debug|Any CPU
		{2D391D1D-48E5-47DC-BC1A-9065E3BE2E9F}.Debug|Any CPU.Build.0 = Debug|Any CPU
		{2D391D1D-48E5-47DC-BC1A-9065E3BE2E9F}.Release|Any CPU.ActiveCfg = Release|Any CPU
		{2D391D1D-48E5-47DC-BC1A-9065E3BE2E9F}.Release|Any CPU.Build.0 = Release|Any CPU
		{623E8ECE-2C11-45F8-A5FB-7377C89FBD74}.Debug|Any CPU.ActiveCfg = Debug|Any CPU
		{623E8ECE-2C11-45F8-A5FB-7377C89FBD74}.Debug|Any CPU.Build.0 = Debug|Any CPU
		{623E8ECE-2C11-45F8-A5FB-7377C89FBD74}.Release|Any CPU.ActiveCfg = Release|Any CPU
		{623E8ECE-2C11-45F8-A5FB-7377C89FBD74}.Release|Any CPU.Build.0 = Release|Any CPU
		{AF99A0BC-282F-4020-B765-D19690E576CE}.Debug|Any CPU.ActiveCfg = Debug|Any CPU
		{AF99A0BC-282F-4020-B765-D19690E576CE}.Debug|Any CPU.Build.0 = Debug|Any CPU
		{AF99A0BC-282F-4020-B765-D19690E576CE}.Release|Any CPU.ActiveCfg = Release|Any CPU
		{AF99A0BC-282F-4020-B765-D19690E576CE}.Release|Any CPU.Build.0 = Release|Any CPU
		{256A6D30-FB62-4FF2-B603-D4F9B1F70753}.Debug|Any CPU.ActiveCfg = Debug|Any CPU
		{256A6D30-FB62-4FF2-B603-D4F9B1F70753}.Debug|Any CPU.Build.0 = Debug|Any CPU
		{256A6D30-FB62-4FF2-B603-D4F9B1F70753}.Release|Any CPU.ActiveCfg = Release|Any CPU
		{256A6D30-FB62-4FF2-B603-D4F9B1F70753}.Release|Any CPU.Build.0 = Release|Any CPU
		{370DD48D-3905-4482-9508-15EFD73049D9}.Debug|Any CPU.ActiveCfg = Debug|Any CPU
		{370DD48D-3905-4482-9508-15EFD73049D9}.Debug|Any CPU.Build.0 = Debug|Any CPU
		{370DD48D-3905-4482-9508-15EFD73049D9}.Release|Any CPU.ActiveCfg = Release|Any CPU
		{370DD48D-3905-4482-9508-15EFD73049D9}.Release|Any CPU.Build.0 = Release|Any CPU
		{4344E9A4-A13F-493E-ABBE-C29C33C85686}.Debug|Any CPU.ActiveCfg = Debug|Any CPU
		{4344E9A4-A13F-493E-ABBE-C29C33C85686}.Debug|Any CPU.Build.0 = Debug|Any CPU
		{4344E9A4-A13F-493E-ABBE-C29C33C85686}.Release|Any CPU.ActiveCfg = Release|Any CPU
		{4344E9A4-A13F-493E-ABBE-C29C33C85686}.Release|Any CPU.Build.0 = Release|Any CPU
		{3B90AB42-2F41-4941-A814-8DFD7EF807DE}.Debug|Any CPU.ActiveCfg = Debug|Any CPU
		{3B90AB42-2F41-4941-A814-8DFD7EF807DE}.Debug|Any CPU.Build.0 = Debug|Any CPU
		{3B90AB42-2F41-4941-A814-8DFD7EF807DE}.Release|Any CPU.ActiveCfg = Release|Any CPU
		{3B90AB42-2F41-4941-A814-8DFD7EF807DE}.Release|Any CPU.Build.0 = Release|Any CPU
		{B36BA392-4D83-4572-A8ED-60EB674CE0F0}.Debug|Any CPU.ActiveCfg = Debug|Any CPU
		{B36BA392-4D83-4572-A8ED-60EB674CE0F0}.Debug|Any CPU.Build.0 = Debug|Any CPU
		{B36BA392-4D83-4572-A8ED-60EB674CE0F0}.Release|Any CPU.ActiveCfg = Release|Any CPU
		{B36BA392-4D83-4572-A8ED-60EB674CE0F0}.Release|Any CPU.Build.0 = Release|Any CPU
		{F6BFB8B2-28B7-46BF-95CE-BB3EC87DFDD8}.Debug|Any CPU.ActiveCfg = Debug|Any CPU
		{F6BFB8B2-28B7-46BF-95CE-BB3EC87DFDD8}.Debug|Any CPU.Build.0 = Debug|Any CPU
		{F6BFB8B2-28B7-46BF-95CE-BB3EC87DFDD8}.Release|Any CPU.ActiveCfg = Release|Any CPU
		{F6BFB8B2-28B7-46BF-95CE-BB3EC87DFDD8}.Release|Any CPU.Build.0 = Release|Any CPU
		{14989F4A-D434-43BC-ADFD-F17F17683ED2}.Debug|Any CPU.ActiveCfg = Debug|Any CPU
		{14989F4A-D434-43BC-ADFD-F17F17683ED2}.Debug|Any CPU.Build.0 = Debug|Any CPU
		{14989F4A-D434-43BC-ADFD-F17F17683ED2}.Release|Any CPU.ActiveCfg = Release|Any CPU
		{14989F4A-D434-43BC-ADFD-F17F17683ED2}.Release|Any CPU.Build.0 = Release|Any CPU
		{9DD29905-C7D7-4433-A171-98C7D4A3A94C}.Debug|Any CPU.ActiveCfg = Debug|Any CPU
		{9DD29905-C7D7-4433-A171-98C7D4A3A94C}.Debug|Any CPU.Build.0 = Debug|Any CPU
		{9DD29905-C7D7-4433-A171-98C7D4A3A94C}.Release|Any CPU.ActiveCfg = Release|Any CPU
		{9DD29905-C7D7-4433-A171-98C7D4A3A94C}.Release|Any CPU.Build.0 = Release|Any CPU
		{5A2A7269-5DC8-49ED-BB13-064B3FD794F2}.Debug|Any CPU.ActiveCfg = Debug|Any CPU
		{5A2A7269-5DC8-49ED-BB13-064B3FD794F2}.Debug|Any CPU.Build.0 = Debug|Any CPU
		{5A2A7269-5DC8-49ED-BB13-064B3FD794F2}.Release|Any CPU.ActiveCfg = Release|Any CPU
		{5A2A7269-5DC8-49ED-BB13-064B3FD794F2}.Release|Any CPU.Build.0 = Release|Any CPU
		{37CA4D3C-07B6-4D00-AFF5-220B3BC58A6D}.Debug|Any CPU.ActiveCfg = Debug|Any CPU
		{37CA4D3C-07B6-4D00-AFF5-220B3BC58A6D}.Release|Any CPU.ActiveCfg = Release|Any CPU
		{37CA4D3C-07B6-4D00-AFF5-220B3BC58A6D}.Release|Any CPU.Build.0 = Release|Any CPU
		{37CA4D3C-07B6-4D00-AFF5-220B3BC58A6D}.Release|Any CPU.Deploy.0 = Release|Any CPU
		{7CF6127F-29B1-4C2B-AC55-328DE2C80F74}.Debug|Any CPU.ActiveCfg = Debug|Any CPU
		{7CF6127F-29B1-4C2B-AC55-328DE2C80F74}.Debug|Any CPU.Build.0 = Debug|Any CPU
		{7CF6127F-29B1-4C2B-AC55-328DE2C80F74}.Release|Any CPU.ActiveCfg = Release|Any CPU
		{7CF6127F-29B1-4C2B-AC55-328DE2C80F74}.Release|Any CPU.Build.0 = Release|Any CPU
		{24A8FDAD-71F3-4181-A018-2C7CE042493D}.Debug|Any CPU.ActiveCfg = Debug|Any CPU
		{24A8FDAD-71F3-4181-A018-2C7CE042493D}.Debug|Any CPU.Build.0 = Debug|Any CPU
		{24A8FDAD-71F3-4181-A018-2C7CE042493D}.Release|Any CPU.ActiveCfg = Release|Any CPU
		{24A8FDAD-71F3-4181-A018-2C7CE042493D}.Release|Any CPU.Build.0 = Release|Any CPU
	EndGlobalSection
	GlobalSection(SolutionProperties) = preSolution
		HideSolutionNode = FALSE
	EndGlobalSection
	GlobalSection(NestedProjects) = preSolution
		{5E6E5CE1-9CBC-4AEB-8972-A17D49533DE1} = {771D2D8F-A70F-4B88-B19E-6A90CCAB3CC3}
		{2D391D1D-48E5-47DC-BC1A-9065E3BE2E9F} = {771D2D8F-A70F-4B88-B19E-6A90CCAB3CC3}
		{AF99A0BC-282F-4020-B765-D19690E576CE} = {E3CB16BE-A26A-4AF4-8701-8DDDC6A55FA3}
		{256A6D30-FB62-4FF2-B603-D4F9B1F70753} = {E3CB16BE-A26A-4AF4-8701-8DDDC6A55FA3}
		{370DD48D-3905-4482-9508-15EFD73049D9} = {E3CB16BE-A26A-4AF4-8701-8DDDC6A55FA3}
		{4344E9A4-A13F-493E-ABBE-C29C33C85686} = {9A5AE55F-F8FB-4CB1-8FB3-CFFD58C364AF}
		{3B90AB42-2F41-4941-A814-8DFD7EF807DE} = {9A5AE55F-F8FB-4CB1-8FB3-CFFD58C364AF}
		{B36BA392-4D83-4572-A8ED-60EB674CE0F0} = {9A5AE55F-F8FB-4CB1-8FB3-CFFD58C364AF}
		{7CF6127F-29B1-4C2B-AC55-328DE2C80F74} = {646FB521-64D8-4505-9AA3-83D93E51FC37}
		{24A8FDAD-71F3-4181-A018-2C7CE042493D} = {646FB521-64D8-4505-9AA3-83D93E51FC37}
	EndGlobalSection
	GlobalSection(ExtensibilityGlobals) = postSolution
		SolutionGuid = {B68CCB08-1B57-4132-84E6-A5E0141F4C2C}
	EndGlobalSection
EndGlobal
