
Microsoft Visual Studio Solution File, Format Version 12.00
# Visual Studio Version 16
VisualStudioVersion = 16.0.29728.190
MinimumVisualStudioVersion = 10.0.40219.1
Project("{FAE04EC0-301F-11D3-BF4B-00C04F79EFBC}") = "TeleQuick", "TeleQuick\TeleQuick\TeleQuick.csproj", "{5E6E5CE1-9CBC-4AEB-8972-A17D49533DE1}"
EndProject
Project("{FAE04EC0-301F-11D3-BF4B-00C04F79EFBC}") = "DAL", "TeleQuick\DAL\DAL.csproj", "{FE70EE1F-F0CD-44CC-B44C-002EFCD78CB9}"
EndProject
Global
	GlobalSection(SolutionConfigurationPlatforms) = preSolution
		Debug|Any CPU = Debug|Any CPU
		Release|Any CPU = Release|Any CPU
	EndGlobalSection
	GlobalSection(ProjectConfigurationPlatforms) = postSolution
		{5E6E5CE1-9CBC-4AEB-8972-A17D49533DE1}.Debug|Any CPU.ActiveCfg = Debug|Any CPU
		{5E6E5CE1-9CBC-4AEB-8972-A17D49533DE1}.Debug|Any CPU.Build.0 = Debug|Any CPU
		{5E6E5CE1-9CBC-4AEB-8972-A17D49533DE1}.Release|Any CPU.ActiveCfg = Release|Any CPU
		{5E6E5CE1-9CBC-4AEB-8972-A17D49533DE1}.Release|Any CPU.Build.0 = Release|Any CPU
		{FE70EE1F-F0CD-44CC-B44C-002EFCD78CB9}.Debug|Any CPU.ActiveCfg = Debug|Any CPU
		{FE70EE1F-F0CD-44CC-B44C-002EFCD78CB9}.Debug|Any CPU.Build.0 = Debug|Any CPU
		{FE70EE1F-F0CD-44CC-B44C-002EFCD78CB9}.Release|Any CPU.ActiveCfg = Release|Any CPU
		{FE70EE1F-F0CD-44CC-B44C-002EFCD78CB9}.Release|Any CPU.Build.0 = Release|Any CPU
	EndGlobalSection
	GlobalSection(SolutionProperties) = preSolution
		HideSolutionNode = FALSE
	EndGlobalSection
	GlobalSection(ExtensibilityGlobals) = postSolution
		SolutionGuid = {B68CCB08-1B57-4132-84E6-A5E0141F4C2C}
	EndGlobalSection
EndGlobal
