
Microsoft Visual Studio Solution File, Format Version 12.00
# Visual Studio Version 16
VisualStudioVersion = 16.0.29728.190
MinimumVisualStudioVersion = 10.0.40219.1
Project("{9A19103F-16F7-4668-BE54-9A1E7A4F7556}") = "TeleQuick", "TeleQuick\TeleQuick\TeleQuick.csproj", "{5E6E5CE1-9CBC-4AEB-8972-A17D49533DE1}"
EndProject
Project("{9A19103F-16F7-4668-BE54-9A1E7A4F7556}") = "TeleQuick.Core.IAutopista", "TeleQuick.IAutopista\TeleQuick.Core.IAutopista.csproj", "{623E8ECE-2C11-45F8-A5FB-7377C89FBD74}"
EndProject
Project("{2150E333-8FDC-42A3-9474-1A3956D46DE8}") = "Solution Items", "Solution Items", "{EC706DA3-3625-4AD0-BFD2-8401BDFA6FC7}"
	ProjectSection(SolutionItems) = preProject
		TextFile1.txt = TextFile1.txt
	EndProjectSection
EndProject
Project("{9A19103F-16F7-4668-BE54-9A1E7A4F7556}") = "TeleQuick.Service", "Service\TeleQuick.Service.csproj", "{256A6D30-FB62-4FF2-B603-D4F9B1F70753}"
EndProject
Project("{9A19103F-16F7-4668-BE54-9A1E7A4F7556}") = "TeleQuick.IService", "IService\TeleQuick.IService.csproj", "{370DD48D-3905-4482-9508-15EFD73049D9}"
EndProject
Project("{9A19103F-16F7-4668-BE54-9A1E7A4F7556}") = "TeleQuick.Boostrapper", "Boostrapper\TeleQuick.Boostrapper.csproj", "{3B90AB42-2F41-4941-A814-8DFD7EF807DE}"
EndProject
Project("{9A19103F-16F7-4668-BE54-9A1E7A4F7556}") = "TeleQuick.Core.Autopista", "TeleQuick.Autopista\TeleQuick.Core.Autopista.csproj", "{F6BFB8B2-28B7-46BF-95CE-BB3EC87DFDD8}"
EndProject
Project("{9A19103F-16F7-4668-BE54-9A1E7A4F7556}") = "TeleQuick.Core.Autopista.Login", "TeleQuick.AutopistaAUSA\TeleQuick.Core.Autopista.Login.csproj", "{14989F4A-D434-43BC-ADFD-F17F17683ED2}"
EndProject
Project("{2150E333-8FDC-42A3-9474-1A3956D46DE8}") = "04 - Negocio", "04 - Negocio", "{E3CB16BE-A26A-4AF4-8701-8DDDC6A55FA3}"
EndProject
Project("{2150E333-8FDC-42A3-9474-1A3956D46DE8}") = "01 - Api", "01 - Api", "{771D2D8F-A70F-4B88-B19E-6A90CCAB3CC3}"
EndProject
Project("{9A19103F-16F7-4668-BE54-9A1E7A4F7556}") = "TeleQuick.Core.Autopista.Model", "TeleQuick.Core.AutopistaModel\TeleQuick.Core.Autopista.Model.csproj", "{9DD29905-C7D7-4433-A171-98C7D4A3A94C}"
EndProject
Project("{9A19103F-16F7-4668-BE54-9A1E7A4F7556}") = "TeleQuick.Core.Autopista.Scrappys", "TeleQuick.Core.Autopista.Scrappys\TeleQuick.Core.Autopista.Scrappys.csproj", "{5A2A7269-5DC8-49ED-BB13-064B3FD794F2}"
EndProject
Project("{00D1A9C2-B5F0-4AF3-8072-F6C62B433612}") = "Database", "Database\Database.sqlproj", "{37CA4D3C-07B6-4D00-AFF5-220B3BC58A6D}"
EndProject
Project("{2150E333-8FDC-42A3-9474-1A3956D46DE8}") = "05 - DataAcces", "05 - DataAcces", "{9A5AE55F-F8FB-4CB1-8FB3-CFFD58C364AF}"
EndProject
Project("{2150E333-8FDC-42A3-9474-1A3956D46DE8}") = "03 - Provider", "03 - Provider", "{646FB521-64D8-4505-9AA3-83D93E51FC37}"
EndProject
Project("{9A19103F-16F7-4668-BE54-9A1E7A4F7556}") = "Provider", "Proveedor\Provider.csproj", "{7CF6127F-29B1-4C2B-AC55-328DE2C80F74}"
EndProject
Project("{9A19103F-16F7-4668-BE54-9A1E7A4F7556}") = "IProvider", "IProvider\IProvider.csproj", "{24A8FDAD-71F3-4181-A018-2C7CE042493D}"
EndProject
Project("{2150E333-8FDC-42A3-9474-1A3956D46DE8}") = "05 - Autopista", "05 - Autopista", "{488704A8-B8CC-470A-A23C-CC9C648D75F6}"
EndProject
Project("{2150E333-8FDC-42A3-9474-1A3956D46DE8}") = "02 - Servicios", "02 - Servicios", "{B8925B70-34CA-4CD8-A075-F7D6175C30EE}"
EndProject
Project("{9A19103F-16F7-4668-BE54-9A1E7A4F7556}") = "TeleQuick.DataAcces", "DataAcces\TeleQuick.DataAcces.csproj", "{33827EE8-F824-4917-89C3-F51243DE3E78}"
EndProject
Project("{9A19103F-16F7-4668-BE54-9A1E7A4F7556}") = "TeleQuick.IDataAccess", "IDataAccess\TeleQuick.IDataAccess.csproj", "{AD04BAEE-E39B-40F5-B8B5-6509216A6800}"
EndProject
Project("{9A19103F-16F7-4668-BE54-9A1E7A4F7556}") = "TeleQuick.Business", "TeleQuick.Business\TeleQuick.Business.csproj", "{CB64C485-2AD9-45BA-9CF9-DE1FE9132DBE}"
EndProject
Global
	GlobalSection(SolutionConfigurationPlatforms) = preSolution
		Debug|Any CPU = Debug|Any CPU
		Release|Any CPU = Release|Any CPU
	EndGlobalSection
	GlobalSection(ProjectConfigurationPlatforms) = postSolution
		{5E6E5CE1-9CBC-4AEB-8972-A17D49533DE1}.Debug|Any CPU.ActiveCfg = Debug|Any CPU
		{5E6E5CE1-9CBC-4AEB-8972-A17D49533DE1}.Debug|Any CPU.Build.0 = Debug|Any CPU
		{5E6E5CE1-9CBC-4AEB-8972-A17D49533DE1}.Release|Any CPU.ActiveCfg = Release|Any CPU
		{5E6E5CE1-9CBC-4AEB-8972-A17D49533DE1}.Release|Any CPU.Build.0 = Release|Any CPU
		{623E8ECE-2C11-45F8-A5FB-7377C89FBD74}.Debug|Any CPU.ActiveCfg = Debug|Any CPU
		{623E8ECE-2C11-45F8-A5FB-7377C89FBD74}.Debug|Any CPU.Build.0 = Debug|Any CPU
		{623E8ECE-2C11-45F8-A5FB-7377C89FBD74}.Release|Any CPU.ActiveCfg = Release|Any CPU
		{623E8ECE-2C11-45F8-A5FB-7377C89FBD74}.Release|Any CPU.Build.0 = Release|Any CPU
		{256A6D30-FB62-4FF2-B603-D4F9B1F70753}.Debug|Any CPU.ActiveCfg = Debug|Any CPU
		{256A6D30-FB62-4FF2-B603-D4F9B1F70753}.Debug|Any CPU.Build.0 = Debug|Any CPU
		{256A6D30-FB62-4FF2-B603-D4F9B1F70753}.Release|Any CPU.ActiveCfg = Release|Any CPU
		{256A6D30-FB62-4FF2-B603-D4F9B1F70753}.Release|Any CPU.Build.0 = Release|Any CPU
		{370DD48D-3905-4482-9508-15EFD73049D9}.Debug|Any CPU.ActiveCfg = Debug|Any CPU
		{370DD48D-3905-4482-9508-15EFD73049D9}.Debug|Any CPU.Build.0 = Debug|Any CPU
		{370DD48D-3905-4482-9508-15EFD73049D9}.Release|Any CPU.ActiveCfg = Release|Any CPU
		{370DD48D-3905-4482-9508-15EFD73049D9}.Release|Any CPU.Build.0 = Release|Any CPU
		{3B90AB42-2F41-4941-A814-8DFD7EF807DE}.Debug|Any CPU.ActiveCfg = Debug|Any CPU
		{3B90AB42-2F41-4941-A814-8DFD7EF807DE}.Debug|Any CPU.Build.0 = Debug|Any CPU
		{3B90AB42-2F41-4941-A814-8DFD7EF807DE}.Release|Any CPU.ActiveCfg = Release|Any CPU
		{3B90AB42-2F41-4941-A814-8DFD7EF807DE}.Release|Any CPU.Build.0 = Release|Any CPU
		{F6BFB8B2-28B7-46BF-95CE-BB3EC87DFDD8}.Debug|Any CPU.ActiveCfg = Debug|Any CPU
		{F6BFB8B2-28B7-46BF-95CE-BB3EC87DFDD8}.Debug|Any CPU.Build.0 = Debug|Any CPU
		{F6BFB8B2-28B7-46BF-95CE-BB3EC87DFDD8}.Release|Any CPU.ActiveCfg = Release|Any CPU
		{F6BFB8B2-28B7-46BF-95CE-BB3EC87DFDD8}.Release|Any CPU.Build.0 = Release|Any CPU
		{14989F4A-D434-43BC-ADFD-F17F17683ED2}.Debug|Any CPU.ActiveCfg = Debug|Any CPU
		{14989F4A-D434-43BC-ADFD-F17F17683ED2}.Debug|Any CPU.Build.0 = Debug|Any CPU
		{14989F4A-D434-43BC-ADFD-F17F17683ED2}.Release|Any CPU.ActiveCfg = Release|Any CPU
		{14989F4A-D434-43BC-ADFD-F17F17683ED2}.Release|Any CPU.Build.0 = Release|Any CPU
		{9DD29905-C7D7-4433-A171-98C7D4A3A94C}.Debug|Any CPU.ActiveCfg = Debug|Any CPU
		{9DD29905-C7D7-4433-A171-98C7D4A3A94C}.Debug|Any CPU.Build.0 = Debug|Any CPU
		{9DD29905-C7D7-4433-A171-98C7D4A3A94C}.Release|Any CPU.ActiveCfg = Release|Any CPU
		{9DD29905-C7D7-4433-A171-98C7D4A3A94C}.Release|Any CPU.Build.0 = Release|Any CPU
		{5A2A7269-5DC8-49ED-BB13-064B3FD794F2}.Debug|Any CPU.ActiveCfg = Debug|Any CPU
		{5A2A7269-5DC8-49ED-BB13-064B3FD794F2}.Debug|Any CPU.Build.0 = Debug|Any CPU
		{5A2A7269-5DC8-49ED-BB13-064B3FD794F2}.Release|Any CPU.ActiveCfg = Release|Any CPU
		{5A2A7269-5DC8-49ED-BB13-064B3FD794F2}.Release|Any CPU.Build.0 = Release|Any CPU
		{37CA4D3C-07B6-4D00-AFF5-220B3BC58A6D}.Debug|Any CPU.ActiveCfg = Debug|Any CPU
		{37CA4D3C-07B6-4D00-AFF5-220B3BC58A6D}.Release|Any CPU.ActiveCfg = Release|Any CPU
		{37CA4D3C-07B6-4D00-AFF5-220B3BC58A6D}.Release|Any CPU.Build.0 = Release|Any CPU
		{37CA4D3C-07B6-4D00-AFF5-220B3BC58A6D}.Release|Any CPU.Deploy.0 = Release|Any CPU
		{7CF6127F-29B1-4C2B-AC55-328DE2C80F74}.Debug|Any CPU.ActiveCfg = Debug|Any CPU
		{7CF6127F-29B1-4C2B-AC55-328DE2C80F74}.Debug|Any CPU.Build.0 = Debug|Any CPU
		{7CF6127F-29B1-4C2B-AC55-328DE2C80F74}.Release|Any CPU.ActiveCfg = Release|Any CPU
		{7CF6127F-29B1-4C2B-AC55-328DE2C80F74}.Release|Any CPU.Build.0 = Release|Any CPU
		{24A8FDAD-71F3-4181-A018-2C7CE042493D}.Debug|Any CPU.ActiveCfg = Debug|Any CPU
		{24A8FDAD-71F3-4181-A018-2C7CE042493D}.Debug|Any CPU.Build.0 = Debug|Any CPU
		{24A8FDAD-71F3-4181-A018-2C7CE042493D}.Release|Any CPU.ActiveCfg = Release|Any CPU
		{24A8FDAD-71F3-4181-A018-2C7CE042493D}.Release|Any CPU.Build.0 = Release|Any CPU
		{33827EE8-F824-4917-89C3-F51243DE3E78}.Debug|Any CPU.ActiveCfg = Debug|Any CPU
		{33827EE8-F824-4917-89C3-F51243DE3E78}.Debug|Any CPU.Build.0 = Debug|Any CPU
		{33827EE8-F824-4917-89C3-F51243DE3E78}.Release|Any CPU.ActiveCfg = Release|Any CPU
		{33827EE8-F824-4917-89C3-F51243DE3E78}.Release|Any CPU.Build.0 = Release|Any CPU
		{AD04BAEE-E39B-40F5-B8B5-6509216A6800}.Debug|Any CPU.ActiveCfg = Debug|Any CPU
		{AD04BAEE-E39B-40F5-B8B5-6509216A6800}.Debug|Any CPU.Build.0 = Debug|Any CPU
		{AD04BAEE-E39B-40F5-B8B5-6509216A6800}.Release|Any CPU.ActiveCfg = Release|Any CPU
		{AD04BAEE-E39B-40F5-B8B5-6509216A6800}.Release|Any CPU.Build.0 = Release|Any CPU
		{CB64C485-2AD9-45BA-9CF9-DE1FE9132DBE}.Debug|Any CPU.ActiveCfg = Debug|Any CPU
		{CB64C485-2AD9-45BA-9CF9-DE1FE9132DBE}.Debug|Any CPU.Build.0 = Debug|Any CPU
		{CB64C485-2AD9-45BA-9CF9-DE1FE9132DBE}.Release|Any CPU.ActiveCfg = Release|Any CPU
		{CB64C485-2AD9-45BA-9CF9-DE1FE9132DBE}.Release|Any CPU.Build.0 = Release|Any CPU
	EndGlobalSection
	GlobalSection(SolutionProperties) = preSolution
		HideSolutionNode = FALSE
	EndGlobalSection
	GlobalSection(NestedProjects) = preSolution
		{5E6E5CE1-9CBC-4AEB-8972-A17D49533DE1} = {771D2D8F-A70F-4B88-B19E-6A90CCAB3CC3}
		{623E8ECE-2C11-45F8-A5FB-7377C89FBD74} = {488704A8-B8CC-470A-A23C-CC9C648D75F6}
		{256A6D30-FB62-4FF2-B603-D4F9B1F70753} = {B8925B70-34CA-4CD8-A075-F7D6175C30EE}
		{370DD48D-3905-4482-9508-15EFD73049D9} = {B8925B70-34CA-4CD8-A075-F7D6175C30EE}
		{3B90AB42-2F41-4941-A814-8DFD7EF807DE} = {E3CB16BE-A26A-4AF4-8701-8DDDC6A55FA3}
		{F6BFB8B2-28B7-46BF-95CE-BB3EC87DFDD8} = {488704A8-B8CC-470A-A23C-CC9C648D75F6}
		{14989F4A-D434-43BC-ADFD-F17F17683ED2} = {488704A8-B8CC-470A-A23C-CC9C648D75F6}
		{9DD29905-C7D7-4433-A171-98C7D4A3A94C} = {488704A8-B8CC-470A-A23C-CC9C648D75F6}
		{5A2A7269-5DC8-49ED-BB13-064B3FD794F2} = {488704A8-B8CC-470A-A23C-CC9C648D75F6}
		{37CA4D3C-07B6-4D00-AFF5-220B3BC58A6D} = {9A5AE55F-F8FB-4CB1-8FB3-CFFD58C364AF}
		{7CF6127F-29B1-4C2B-AC55-328DE2C80F74} = {646FB521-64D8-4505-9AA3-83D93E51FC37}
		{24A8FDAD-71F3-4181-A018-2C7CE042493D} = {646FB521-64D8-4505-9AA3-83D93E51FC37}
		{33827EE8-F824-4917-89C3-F51243DE3E78} = {9A5AE55F-F8FB-4CB1-8FB3-CFFD58C364AF}
		{AD04BAEE-E39B-40F5-B8B5-6509216A6800} = {9A5AE55F-F8FB-4CB1-8FB3-CFFD58C364AF}
		{CB64C485-2AD9-45BA-9CF9-DE1FE9132DBE} = {E3CB16BE-A26A-4AF4-8701-8DDDC6A55FA3}
	EndGlobalSection
	GlobalSection(ExtensibilityGlobals) = postSolution
		SolutionGuid = {B68CCB08-1B57-4132-84E6-A5E0141F4C2C}
	EndGlobalSection
EndGlobal
